{
  "version": "4",
  "specifiers": {
    "jsr:@std/assert@*": "1.0.7",
    "jsr:@std/bytes@^1.0.2": "1.0.3",
    "jsr:@std/fs@1.0.5": "1.0.5",
    "jsr:@std/internal@^1.0.5": "1.0.5",
    "jsr:@std/io@0.225.0": "0.225.0",
    "jsr:@std/path@^1.0.7": "1.0.8"
  },
  "jsr": {
    "@std/assert@1.0.7": {
      "integrity": "64ce9fac879e0b9f3042a89b3c3f8ccfc9c984391af19e2087513a79d73e28c3",
      "dependencies": [
        "jsr:@std/internal"
      ]
    },
    "@std/bytes@1.0.3": {
      "integrity": "e5d5b9e685966314e4edb4be60dfc4bd7624a075bfd4ec8109252b4320f76452"
    },
    "@std/fs@1.0.5": {
      "integrity": "41806ad6823d0b5f275f9849a2640d87e4ef67c51ee1b8fb02426f55e02fd44e",
      "dependencies": [
        "jsr:@std/path"
      ]
    },
    "@std/internal@1.0.5": {
      "integrity": "54a546004f769c1ac9e025abd15a76b6671ddc9687e2313b67376125650dc7ba"
    },
    "@std/io@0.225.0": {
      "integrity": "c1db7c5e5a231629b32d64b9a53139445b2ca640d828c26bf23e1c55f8c079b3",
      "dependencies": [
        "jsr:@std/bytes"
      ]
    },
    "@std/path@1.0.8": {
      "integrity": "548fa456bb6a04d3c1a1e7477986b6cffbce95102d0bb447c67c4ee70e0364be"
    }
  }
}
